{
  "dependencies": [
    {
      "commit": "b0ea000611ee7d41eb8c38d1c4d2ca8f2a0d25e2",
      "hash": "f5d379db34fcbb8c1b965369632616b269c494f7a2b84e66466f1c44e45ffaa5",
      "id": "cnerium/middleware",
      "repo": "https://github.com/cnerium/middleware",
      "tag": "v0.2.0",
      "version": "0.2.0"
    },
    {
      "commit": "40270e6ae0127858a84f9905bfe037c7cf7baa05",
      "hash": "213495b6bc272a1886d8fcff235fe0031eee9ec9d9e093a15959415aaebcd5a8",
      "id": "cnerium/http",
      "repo": "https://github.com/cnerium/http",
      "tag": "v0.6.0",
      "version": "0.6.0"
    },
    {
      "commit": "ccb8b3faa3b2e4e9482f6329279279bced595429",
      "hash": "c86fd9db64748baef922c5068e8f2a8fe1d56b4d12893a29105eb1363c72da99",
      "id": "cnerium/json",
      "repo": "https://github.com/cnerium/json",
      "tag": "v0.3.0",
      "version": "0.3.0"
    },
    {
      "commit": "e4ad8fd26862d6ad0f6f893320d8270bb0e2d4ed",
      "hash": "957801e75227004395d96f46d054ff1eed99f7f74f800f40e0f24edb02b203e7",
      "id": "cnerium/router",
      "repo": "https://github.com/cnerium/router",
      "tag": "v0.5.1",
      "version": "0.5.1"
    }
  ],
  "lockVersion": 1
}
