{
  "dependencies": [
    {
      "commit": "f091c8a38ab4b9bced41759716efae66f056f838",
      "hash": "93ae2b22608252197063269d8fa72038d83ef9dba3e5ed5e7db2290341ba2fdb",
      "id": "cnerium/middleware",
      "repo": "https://github.com/cnerium/middleware",
      "tag": "v0.3.0",
      "version": "0.3.0"
    },
    {
      "commit": "097bd8a29bd7488273ab958e21c955ab37c056e0",
      "hash": "5d97d08e73383d31947cff80778a7df3be00d95e3418bbfcd9161b39991ee86a",
      "id": "cnerium/http",
      "repo": "https://github.com/cnerium/http",
      "tag": "v0.7.0",
      "version": "0.7.0"
    },
    {
      "commit": "c7233f7eb32e05006e0ed913e0fd6e65cf6380c2",
      "hash": "9512e715b1b7882b9281109efc19128935f197e075764061dde36edfa772db79",
      "id": "cnerium/json",
      "repo": "https://github.com/cnerium/json",
      "tag": "v0.4.0",
      "version": "0.4.0"
    },
    {
      "commit": "9036d21b9bc18a314699c8eb2f7798ba0b1d757f",
      "hash": "19facf396559e7c50987b60f2ac0dee864445df20b87ec967ce855d8e48b8ad9",
      "id": "cnerium/router",
      "repo": "https://github.com/cnerium/router",
      "tag": "v0.6.0",
      "version": "0.6.0"
    }
  ],
  "lockVersion": 1
}
