{
  "dependencies": [
    {
      "commit": "9e6e7534315025f66e62bd1684df7d57b24ace8d",
      "hash": "1229cead55088de8aee1161a40d0e827d4cf71153350e3b36a711fa53244bb02",
      "id": "cnerium/middleware",
      "repo": "https://github.com/cnerium/middleware",
      "tag": "v0.1.0",
      "version": "0.1.0"
    },
    {
      "commit": "af235330530d298e86018a77726d130d781f2dd5",
      "hash": "7aac47f5f78d6120284a3e659de6e954ffafb4ad64bc30e1b8214e3ddc46373c",
      "id": "cnerium/http",
      "repo": "https://github.com/cnerium/http",
      "tag": "v0.2.0",
      "version": "0.2.0"
    },
    {
      "commit": "7d953a819951563efd9ecaf16c7d0b8f0125563f",
      "hash": "b0f2c05e62fed5555543000321531e2d46320cbca7a8562adb179228d2e040de",
      "id": "cnerium/json",
      "repo": "https://github.com/cnerium/json",
      "tag": "v0.2.0",
      "version": "0.2.0"
    },
    {
      "commit": "614c3c294ec84954129a8cd3f8df46c127667dd8",
      "hash": "a7f8a5c3c7c4f8be749efd7f7c3f135d1ab676a42596dfb85a098f21b0277c92",
      "id": "cnerium/router",
      "repo": "https://github.com/cnerium/router",
      "tag": "v0.1.0",
      "version": "0.1.0"
    }
  ],
  "lockVersion": 1
}
